
Microsoft Visual Studio Solution File, Format Version 12.00
# Visual Studio Version 17
VisualStudioVersion = 17.14.36221.1 d17.14
MinimumVisualStudioVersion = 10.0.40219.1
Project("{FAE04EC0-301F-11D3-BF4B-00C04F79EFBC}") = "TodoNotes", "TodoNotes\TodoNotes.csproj", "{D491C430-1EE9-46DA-BC8D-9B4A7ACC839D}"
EndProject
Global
	GlobalSection(SolutionConfigurationPlatforms) = preSolution
		Debug|Any CPU = Debug|Any CPU
		Release|Any CPU = Release|Any CPU
	EndGlobalSection
	GlobalSection(ProjectConfigurationPlatforms) = postSolution
		{D491C430-1EE9-46DA-BC8D-9B4A7ACC839D}.Debug|Any CPU.ActiveCfg = Debug|Any CPU
		{D491C430-1EE9-46DA-BC8D-9B4A7ACC839D}.Debug|Any CPU.Build.0 = Debug|Any CPU
		{D491C430-1EE9-46DA-BC8D-9B4A7ACC839D}.Release|Any CPU.ActiveCfg = Release|Any CPU
		{D491C430-1EE9-46DA-BC8D-9B4A7ACC839D}.Release|Any CPU.Build.0 = Release|Any CPU
	EndGlobalSection
	GlobalSection(SolutionProperties) = preSolution
		HideSolutionNode = FALSE
	EndGlobalSection
	GlobalSection(ExtensibilityGlobals) = postSolution
		SolutionGuid = {ED10D432-5932-4F06-AE13-A79C0BE804F9}
	EndGlobalSection
EndGlobal
